# This file is autogenerated, do not edit; changes may be undone by the next 'dep ensure'.


[[projects]]
  digest = "1:41531922c7f47d5157308b4dd1abc6142c4c583845ce424ed9664db867fa48cf"
  name = "code.cloudfoundry.org/clock"
  packages = [
    ".",
    "fakeclock",
  ]
  pruneopts = "NUT"
  revision = "02e53af36e6c978af692887ed449b74026d76fec"
  version = "1.0.0"

[[projects]]
  branch = "master"
  digest = "1:81f8c061c3d18ed1710957910542bc17d2b789c6cd19e0f654c30b35fd255ca5"
  name = "github.com/Azure/go-ansiterm"
  packages = [
    ".",
    "winterm",
  ]
  pruneopts = "NUT"
  revision = "d6e3b3328b783f23731bc4d058875b0371ff8109"

[[projects]]
  digest = "1:5d72bbcc9c8667b11c3dc3cbe681c5a6f71e5096744c0bf7726ab5c6425d5dc4"
  name = "github.com/BurntSushi/toml"
  packages = ["."]
  pruneopts = "NUT"
  revision = "3012a1dbe2e4bd1391d42b32f0577cb7bbc7f005"
  version = "v0.3.1"

[[projects]]
  digest = "1:a8bc08e25d94bdcbf8ea54ee8e4b2a00a8c3b6957501b4fdb1a6d303e5292f6d"
  name = "github.com/Knetic/govaluate"
  packages = ["."]
  pruneopts = "NUT"
  revision = "d216395917cc49052c7c7094cf57f09657ca08a8"
  version = "v3.0.0"

[[projects]]
  digest = "1:4816836c291b7f2a0da7deefa679ef234be8ad845a199ed2e48779234536cefa"
  name = "github.com/Microsoft/go-winio"
  packages = [
    ".",
    "pkg/guid",
  ]
  pruneopts = "NUT"
  revision = "6c72808b55902eae4c5943626030429ff20f3b63"
  version = "v0.4.14"

[[projects]]
  branch = "master"
  digest = "1:7da1a26e347165227c79dfb10b90b3b5dedb6cbae50e88cdb81f5b6259b5b951"
  name = "github.com/Nvveen/Gotty"
  packages = ["."]
  pruneopts = "NUT"
  revision = "cd527374f1e5bff4938207604a14f2e38a9cf512"

[[projects]]
  digest = "1:35b842ffb40b2601e1844b3c78e749bf2f440957a12fce2e69755e8b1d677d21"
  name = "github.com/Shopify/sarama"
  packages = [
    ".",
    "mocks",
  ]
  pruneopts = "NUT"
  revision = "b3a812117be917e2dd4f8cbcf4ff861e3ae7ef38"
  version = "v1.26.1"

[[projects]]
  branch = "master"
  digest = "1:f3793f8a708522400cef1dba23385e901aede5519f68971fd69938ef330b07a1"
  name = "github.com/alecthomas/template"
  packages = [
    ".",
    "parse",
  ]
  pruneopts = "NUT"
  revision = "fb15b899a75114aa79cc930e33c46b577cc664b1"

[[projects]]
  branch = "master"
  digest = "1:278f733beeec2d654fc7412dbfa2dff194245e13c720bef8d4e284e0e25708f5"
  name = "github.com/alecthomas/units"
  packages = ["."]
  pruneopts = "NUT"
  revision = "f65c72e2690dc4b403c8bd637baf4611cd4c069b"

[[projects]]
  digest = "1:707ebe952a8b3d00b343c01536c79c73771d100f63ec6babeaed5c79e2b8a8dd"
  name = "github.com/beorn7/perks"
  packages = ["quantile"]
  pruneopts = "NUT"
  revision = "37c8de3658fcb183f997c4e13e8337516ab753e6"
  version = "v1.0.1"

[[projects]]
  branch = "master"
  digest = "1:e48c63e818c67fbf3d7afe20bba33134ab1a5bf384847385384fd027652a5a96"
  name = "github.com/containerd/continuity"
  packages = ["pathdriver"]
  pruneopts = "NUT"
  revision = "0f16d7a0959cac64d7a54ce015e50cf4839d1970"

[[projects]]
  digest = "1:bcf36df8d43860bfde913d008301aef27c6e9a303582118a837c4a34c0d18167"
  name = "github.com/coreos/go-systemd"
  packages = ["journal"]
  pruneopts = "NUT"
  revision = "2d78030078ef61b3cae27f42ad6d0e46db51b339"
  version = "v22.0.0"

[[projects]]
  digest = "1:22332f13485f13511589dc1f59eb97594e8636d3606b69d172a9a85421ad465d"
  name = "github.com/coreos/pkg"
  packages = ["capnslog"]
  pruneopts = "NUT"
  revision = "97fdf19511ea361ae1c100dd393cc47f8dcfa1e1"
  version = "v4"

[[projects]]
  digest = "1:ffe9824d294da03b391f44e1ae8281281b4afc1bdaa9588c9097785e3af10cec"
  name = "github.com/davecgh/go-spew"
  packages = ["spew"]
  pruneopts = "NUT"
  revision = "8991bc29aa16c548c550c7ff78260e27b9ab7c73"
  version = "v1.1.1"

[[projects]]
  digest = "1:a79e20cafae5bc666a1503bdb6f465f5cef80977ddb5f4ab85124a4f86b8dc22"
  name = "github.com/docker/docker"
  packages = [
    "api/types",
    "api/types/blkiodev",
    "api/types/container",
    "api/types/filters",
    "api/types/mount",
    "api/types/network",
    "api/types/registry",
    "api/types/strslice",
    "api/types/swarm",
    "api/types/swarm/runtime",
    "api/types/versions",
    "errdefs",
    "opts",
    "pkg/fileutils",
    "pkg/homedir",
    "pkg/idtools",
    "pkg/ioutils",
    "pkg/longpath",
    "pkg/mount",
    "pkg/pools",
    "pkg/stdcopy",
    "pkg/system",
  ]
  pruneopts = "NUT"
  revision = "0c5f8d2b9b23ab8d23529b3effdcf53bb058298c"

[[projects]]
  digest = "1:ade935c55cd6d0367c843b109b09c9d748b1982952031414740750fdf94747eb"
  name = "github.com/docker/go-connections"
  packages = ["nat"]
  pruneopts = "NUT"
  revision = "7395e3f8aa162843a74ed6d48e79627d9792ac55"
  version = "v0.4.0"

[[projects]]
  digest = "1:4340101f42556a9cb2f7a360a0e95a019bfef6247d92e6c4c46f2433cf86a482"
  name = "github.com/docker/go-units"
  packages = ["."]
  pruneopts = "NUT"
  revision = "47565b4f722fb6ceae66b95f853feed578a4a51c"
  version = "v0.3.3"

[[projects]]
  digest = "1:00d0d550a1f1d7ca03270ebc1e136f21f6b9dab37f0c37e9a90d56d2f7afcff9"
  name = "github.com/docker/libnetwork"
  packages = ["ipamutils"]
  pruneopts = "NUT"
  revision = "19279f0492417475b6bfbd0aa529f73e8f178fb5"

[[projects]]
  digest = "1:b7ffca49e9cfd3dfb04a8e0a59347708c6f78f68476a32c5e0a0edca5d1b258c"
  name = "github.com/dustin/go-humanize"
  packages = ["."]
  pruneopts = "NUT"
  revision = "9f541cc9db5d55bce703bd99987c9d5cb8eea45e"
  version = "v1.0.0"

[[projects]]
  digest = "1:08143362be979b087c2c1bae5dde986e988d3d5d4dc661727cbe436411b3f33a"
  name = "github.com/eapache/go-resiliency"
  packages = ["breaker"]
  pruneopts = "NUT"
  revision = "5efd2ed019fd331ec2defc6f3bd98882f1e3e636"
  version = "v1.2.0"

[[projects]]
  branch = "master"
  digest = "1:d3430c048e919ed27813d20dc65a32d4e3bae3ad05b83700e244a81eaaf48e2a"
  name = "github.com/eapache/go-xerial-snappy"
  packages = ["."]
  pruneopts = "NUT"
  revision = "776d5712da21bc4762676d614db1d8a64f4238b0"

[[projects]]
  digest = "1:0d36a2b325b9e75f8057f7f9fbe778d348d70ba652cb9335485b69d1a5c4e038"
  name = "github.com/eapache/queue"
  packages = ["."]
  pruneopts = "NUT"
  revision = "44cc805cf13205b55f69e14bcb69867d1ae92f98"
  version = "v1.1.0"

[[projects]]
  digest = "1:d0a3e7afbdc348a36faa023b59faf86a60404037f101bb4b8cc4ae63d8b94be1"
  name = "github.com/fsouza/go-dockerclient"
  packages = [
    ".",
    "internal/archive",
    "internal/jsonmessage",
    "internal/term",
  ]
  pruneopts = "NUT"
  revision = "1b33efcb40bef3494af8bc6a1f73600f37a3c9d1"
  version = "v1.3.0"

[[projects]]
  digest = "1:c244cf1dfe6a89844fd22158c361922ad1c16bd9d07e5cb98b53dff582a33d15"
  name = "github.com/go-kit/kit"
  packages = [
    "log",
    "metrics",
    "metrics/internal/lv",
    "metrics/internal/ratemap",
    "metrics/prometheus",
    "metrics/statsd",
    "util/conn",
  ]
  pruneopts = "NUT"
  revision = "ca4112baa34cb55091301bdc13b1420a122b1b9e"
  version = "v0.7.0"

[[projects]]
  digest = "1:2cd0857a75f60cd694c7106d190b7dc23bff570ca2496578918bc7a7e1c1f087"
  name = "github.com/go-logfmt/logfmt"
  packages = ["."]
  pruneopts = "NUT"
  revision = "3be5f6aae7db841d31dc5e1b3bb7b4cff19200b3"
  version = "v0.5.0"

[[projects]]
  digest = "1:91358b3a314c1ddfd4d6445ca9c1fb846842c31c153e626730594b3c95f73f4a"
  name = "github.com/go-stack/stack"
  packages = ["."]
  pruneopts = "NUT"
  revision = "2fee6af1a9795aafbe0253a0cfbdf668e1fb8a9a"
  version = "v1.8.0"

[[projects]]
  digest = "1:dc984388f49af46e504fb1a57adb644b9152882e88f8fc3160800b7e7dc352b2"
  name = "github.com/gogo/protobuf"
  packages = [
    "gogoproto",
    "proto",
    "protoc-gen-gogo/descriptor",
  ]
  pruneopts = "NUT"
  revision = "5628607bb4c51c3157aacc3a50f0ab707582b805"
  version = "v1.3.1"

[[projects]]
  digest = "1:d3e9693483dbc675586b179e22fc28fb89c089432eacb9f942faa1c1394fe11a"
  name = "github.com/golang/protobuf"
  packages = [
    "jsonpb",
    "proto",
    "protoc-gen-go",
    "protoc-gen-go/descriptor",
    "protoc-gen-go/generator",
    "protoc-gen-go/generator/internal/remap",
    "protoc-gen-go/grpc",
    "protoc-gen-go/plugin",
    "ptypes",
    "ptypes/any",
    "ptypes/duration",
    "ptypes/empty",
    "ptypes/struct",
    "ptypes/timestamp",
  ]
  pruneopts = "NUT"
  revision = "5d5b4c10bd43f85e63bd9e4a3fa9b1ea2ef88af2"
  version = "v1.3.4"

[[projects]]
  digest = "1:7f114b78210bf5b75f307fc97cff293633c835bab1e0ea8a744a44b39c042dfe"
  name = "github.com/golang/snappy"
  packages = ["."]
  pruneopts = "NUT"
  revision = "2a8bb927dd31d8daada140a5d09578521ce5c36a"
  version = "v0.0.1"

[[projects]]
  digest = "1:85d0c5fbdc502c3e55f78d7d2f62f9d1a95deb5921e5806b14a6b6948abe678d"
  name = "github.com/gorilla/handlers"
  packages = ["."]
  pruneopts = "NUT"
  revision = "8a3748addc242fc560bd6d4ff28b0374c010b1b4"
  version = "v1.4.2"

[[projects]]
  digest = "1:d54244e92e91f46e0cfd6ea3cf9e99d403c97eba929c19153da1474dcc5989fa"
  name = "github.com/gorilla/mux"
  packages = ["."]
  pruneopts = "NUT"
  revision = "75dcda0896e109a2a22c9315bca3bb21b87b2ba5"
  version = "v1.7.4"

[[projects]]
  digest = "1:432e8b04365b52add2d6256a42de45cebebf6b7a132d4eacb052602fe199a80a"
  name = "github.com/grpc-ecosystem/go-grpc-middleware"
  packages = ["."]
  pruneopts = "NUT"
  revision = "3c51f7f332123e8be5a157c0802a228ac85bf9db"
  version = "v1.2.0"

[[projects]]
  digest = "1:9a3cfd8ec5bea622c87774a058bbd52a656fa7da9dfe8db329b859fb4e11e54d"
  name = "github.com/hashicorp/go-uuid"
  packages = ["."]
  pruneopts = "NUT"
  revision = "6195a4f20692188e0a389def25559731d1e130f9"
  version = "v1.0.2"

[[projects]]
  digest = "1:53a4ebb0e1eb24a4644a3eec9457ba6ead5476a9ea5af43bf2c8b8b1a8ce47f2"
  name = "github.com/hashicorp/go-version"
  packages = ["."]
  pruneopts = "NUT"
  revision = "ac23dc3fea5d1a983c43f6a0f6e2c13f0195d8bd"
  version = "v1.2.0"

[[projects]]
  branch = "master"
  digest = "1:920a1c89ab74d92f68a3d2aa568ee34805cfe9df38ba80fee1c84ebcaf05eb0c"
  name = "github.com/hyperledger/fabric-amcl"
  packages = [
    "amcl",
    "amcl/FP256BN",
  ]
  pruneopts = "NUT"
  revision = "d1aa2665426abb6ec7a5519b1ad7febd405048d3"

[[projects]]
  digest = "1:0f4305e5a43e324844412168385a23ff23dafc55369fcbbc2ea77fb974f828cc"
  name = "github.com/hyperledger/fabric-lib-go"
  packages = ["healthz"]
  pruneopts = "NUT"
  revision = "90dc96fb23ab7eb18477e4bfcf9cd8ebdb7209f0"
  version = "v1.0.0"

[[projects]]
  digest = "1:406338ad39ab2e37b7f4452906442a3dbf0eb3379dd1f06aafb5c07e769a5fbb"
  name = "github.com/inconshreveable/mousetrap"
  packages = ["."]
  pruneopts = "NUT"
  revision = "76626ae9c91c4f2a10f34cad8ce83ea42c93bb75"
  version = "v1.0"

[[projects]]
  digest = "1:efc693dbcbe885796a3d46bd1817646d713996bcc2893d42f5434141afc1a86f"
  name = "github.com/jcmturner/gofork"
  packages = [
    "encoding/asn1",
    "x/crypto/pbkdf2",
  ]
  pruneopts = "NUT"
  revision = "dc7c13fece037a4a36e2b3c69db4991498d30692"
  version = "v1.0.0"

[[projects]]
  digest = "1:6d494ca43e48e9a9f8895d56b8245a5764a077ea3f2062b66c79d67ef3a8d0ad"
  name = "github.com/klauspost/compress"
  packages = [
    "fse",
    "huff0",
    "snappy",
    "zstd",
    "zstd/internal/xxhash",
  ]
  pruneopts = "NUT"
  revision = "d4b3bb13d45b000ac3a915d4f32069a9284540bb"
  version = "v1.10.2"

[[projects]]
  digest = "1:6728b5fcf0c39dcd74f2d7d16a125349ddf93f9443d4110810017242bad277d4"
  name = "github.com/klauspost/cpuid"
  packages = ["."]
  pruneopts = "NUT"
  revision = "1d99c03146a5284b1b40468ff3b2275dde8a44df"
  version = "v1.2.3"

[[projects]]
  digest = "1:edfd0260c2e3693121535e584229fbd9af9dd8bce7c354838003e4cfa331370b"
  name = "github.com/klauspost/reedsolomon"
  packages = ["."]
  pruneopts = "NUT"
  revision = "70d62797617ea2be6dc26d343d2bce4e2c4e8e34"
  version = "v1.9.3"

[[projects]]
  digest = "1:58999a98719fddbac6303cb17e8d85b945f60b72f48e3a2df6b950b97fa926f1"
  name = "github.com/konsorten/go-windows-terminal-sequences"
  packages = ["."]
  pruneopts = "NUT"
  revision = "f55edac94c9bbba5d6182a4be46d86a2c9b5b50e"
  version = "v1.0.2"

[[projects]]
  branch = "master"
  digest = "1:7b21c7fc5551b46d1308b4ffa9e9e49b66c7a8b0ba88c0130474b0e7a20d859f"
  name = "github.com/kr/pretty"
  packages = ["."]
  pruneopts = "NUT"
  revision = "73f6ac0b30a98e433b289500d779f50c1a6f0712"

[[projects]]
  digest = "1:c3a7836b5904db0f8b609595b619916a6831cb35b8b714aec39f96d00c6155d8"
  name = "github.com/kr/text"
  packages = ["."]
  pruneopts = "NUT"
  revision = "702c74938df48b97370179f33ce2107bd7ff3b3e"
  version = "v0.2.0"

[[projects]]
  digest = "1:802689c84994b7f2e41ffe7e39d29a8d8227f2121938dc025db44dfaa9633b15"
  name = "github.com/magiconair/properties"
  packages = ["."]
  pruneopts = "NUT"
  revision = "de8848e004dd33dc07a2947b3d76f618a7fc7ef1"
  version = "v1.8.1"

[[projects]]
  digest = "1:f48d9e339b6bb8cfd5cd2c67836bb6b57273ba324d38d162618064bfa488792b"
  name = "github.com/mattn/go-runewidth"
  packages = ["."]
  pruneopts = "NUT"
  revision = "a4df4ddbff020e131056d91f580a1cdcd806e3ae"
  version = "v0.0.8"

[[projects]]
  digest = "1:5985ef4caf91ece5d54817c11ea25f182697534f8ae6521eadcd628c142ac4b6"
  name = "github.com/matttproud/golang_protobuf_extensions"
  packages = ["pbutil"]
  pruneopts = "NUT"
  revision = "c12348ce28de40eed0136aa2b644d0ee0650e56c"
  version = "v1.0.1"

[[projects]]
  digest = "1:d239a90a19b0e8f2b6f4d9515a8f8e7b2ccdc61c43fe2c9f57cd3fc3d6eee939"
  name = "github.com/miekg/pkcs11"
  packages = ["."]
  pruneopts = "NUT"
  revision = "210dc1e16747c5ba98a03bcbcf728c38086ea357"
  version = "v1.0.3"

[[projects]]
  digest = "1:a45ae66dea4c899d79fceb116accfa1892105c251f0dcd9a217ddc276b42ec68"
  name = "github.com/mitchellh/mapstructure"
  packages = ["."]
  pruneopts = "NUT"
  revision = "3536a929edddb9a5b34bd6861dc4a9647cb459fe"
  version = "v1.1.2"

[[projects]]
  digest = "1:fc96548595095e5128bb8f78609909f1f3f29a24648d8323ed623ae1f4815262"
  name = "github.com/onsi/ginkgo"
  packages = [
    ".",
    "config",
    "extensions/table",
    "internal/codelocation",
    "internal/containernode",
    "internal/failer",
    "internal/leafnodes",
    "internal/remote",
    "internal/spec",
    "internal/spec_iterator",
    "internal/specrunner",
    "internal/suite",
    "internal/testingtproxy",
    "internal/writer",
    "reporters",
    "reporters/stenographer",
    "reporters/stenographer/support/go-colorable",
    "reporters/stenographer/support/go-isatty",
    "types",
  ]
  pruneopts = "NT"
  revision = "a3b6351eb1ff8e1bfa30b2f55d7e282186ed8fee"

[[projects]]
  digest = "1:5c9d22f555c67f95dd405c7fcba6878eb221012582389411e5fcfcf194695a30"
  name = "github.com/onsi/gomega"
  packages = [
    ".",
    "format",
    "gbytes",
    "gexec",
    "ghttp",
    "internal/assertion",
    "internal/asyncassertion",
    "internal/oraclematcher",
    "internal/testingtsupport",
    "matchers",
    "matchers/support/goraph/bipartitegraph",
    "matchers/support/goraph/edge",
    "matchers/support/goraph/node",
    "matchers/support/goraph/util",
    "types",
  ]
  pruneopts = "NT"
  revision = "6be6c439588487cd908a3a700795660c2a16dfec"
  version = "v1.9.0"

[[projects]]
  branch = "master"
  digest = "1:7302bcf5914fc7c62b2eb65291547ba8522cd03fc3fda1d468c3438c80302db3"
  name = "github.com/op/go-logging"
  packages = ["."]
  pruneopts = "NUT"
  revision = "970db520ece77730c7e4724c61121037378659d9"

[[projects]]
  digest = "1:e0cc8395ea893c898ff5eb0850f4d9851c1f57c78c232304a026379a47a552d0"
  name = "github.com/opencontainers/go-digest"
  packages = ["."]
  pruneopts = "NUT"
  revision = "279bed98673dd5bef374d3b6e4b09e2af76183bf"
  version = "v1.0.0-rc1"

[[projects]]
  digest = "1:11db38d694c130c800d0aefb502fb02519e514dc53d9804ce51d1ad25ec27db6"
  name = "github.com/opencontainers/image-spec"
  packages = [
    "specs-go",
    "specs-go/v1",
  ]
  pruneopts = "NUT"
  revision = "d60099175f88c47cd379c4738d158884749ed235"
  version = "v1.0.1"

[[projects]]
  digest = "1:918dbd46ad099418ce9760291bb156ebf23d441aad4cb682dd9bf09e2d3c0c7b"
  name = "github.com/opencontainers/runc"
  packages = ["libcontainer/user"]
  pruneopts = "NUT"
  revision = "baf6536d6259209c3edfa2b22237af82942d3dfa"
  version = "v0.1.1"

[[projects]]
  digest = "1:4d4fb77d7192ec35987fb493edaa154ef60ace2dbc53bf97067ac64c5972c6be"
  name = "github.com/pierrec/lz4"
  packages = [
    ".",
    "internal/xxh32",
  ]
  pruneopts = "NUT"
  revision = "edce7c4c96dac9adc01d38b18fd2456a7c0c5773"
  version = "v2.4.1"

[[projects]]
  digest = "1:14715f705ff5dfe0ffd6571d7d201dd8e921030f8070321a79380d8ca4ec1a24"
  name = "github.com/pkg/errors"
  packages = ["."]
  pruneopts = "NUT"
  revision = "ba968bfe8b2f7e042a574c888954fccecfa385b4"
  version = "v0.8.1"

[[projects]]
  digest = "1:0028cb19b2e4c3112225cd871870f2d9cf49b9b4276531f03438a88e94be86fe"
  name = "github.com/pmezard/go-difflib"
  packages = ["difflib"]
  pruneopts = "NUT"
  revision = "792786c7400a136282c1664665ae0a8db921c6c2"
  version = "v1.0.0"

[[projects]]
  digest = "1:3d7ad9c93ee2e43dc7dd48b76f96804c365be7fe30e75f7405028c4e633d189a"
  name = "github.com/prometheus/client_golang"
  packages = [
    "prometheus",
    "prometheus/internal",
    "prometheus/promhttp",
  ]
  pruneopts = "NUT"
  revision = "2641b987480bca71fb39738eb8c8b0d577cb1d76"
  version = "v0.9.4"

[[projects]]
  digest = "1:0db23933b8052702d980a3f029149b3f175f7c0eea0cff85b175017d0f2722c0"
  name = "github.com/prometheus/client_model"
  packages = ["go"]
  pruneopts = "NUT"
  revision = "7bc5445566f0fe75b15de23e6b93886e982d7bf9"
  version = "v0.2.0"

[[projects]]
  digest = "1:0c9d56afe4f5b3ab5658a3270a680db8f6936d7794377fa0b9880663958b18b0"
  name = "github.com/prometheus/common"
  packages = [
    "expfmt",
    "internal/bitbucket.org/ww/goautoneg",
    "model",
  ]
  pruneopts = "NUT"
  revision = "d978bcb1309602d68bb4ba69cf3f8ed900e07308"
  version = "v0.9.1"

[[projects]]
  digest = "1:dacb29568d7b8e145b953ca0a9334e516ce02e56c61e902372c6c074c4846107"
  name = "github.com/prometheus/procfs"
  packages = [
    ".",
    "internal/fs",
    "internal/util",
  ]
  pruneopts = "NUT"
  revision = "4850c197847aa06aecc37570077fc16e9215d565"
  version = "v0.0.10"

[[projects]]
  branch = "master"
  digest = "1:45226a195e0a8e8cb87bd1e1689bb85268ad59a423dd95ce4ed2d2381cf2b759"
  name = "github.com/rcrowley/go-metrics"
  packages = ["."]
  pruneopts = "NUT"
  revision = "cac0b30c2563378d434b5af411844adff8e32960"

[[projects]]
  digest = "1:f4aaa07a6c33f2b354726d0571acbc8ca118837c75709f6353203ae1a3f8eeab"
  name = "github.com/sirupsen/logrus"
  packages = ["."]
  pruneopts = "NUT"
  revision = "839c75faf7f98a33d445d181f3018b5c3409a45e"
  version = "v1.4.2"

[[projects]]
  digest = "1:58dae2a64f88329debe1daed979ccd2fd9b5a1b4b1867c2bc7ed96acb0ff00d0"
  name = "github.com/spf13/cast"
  packages = ["."]
  pruneopts = "NUT"
  revision = "1ffadf551085444af981432dd0f6d1160c11ec64"
  version = "v1.3.1"

[[projects]]
  digest = "1:30e2ca04703e6939567efd97f381f0ff5b11880cbb53dad256773bd8e2064e0a"
  name = "github.com/spf13/cobra"
  packages = ["."]
  pruneopts = "NUT"
  revision = "0da06874266c88228b8f14615396a1f6bfc90ed7"
  version = "v0.0.6"

[[projects]]
  digest = "1:3d72352adb74e79d6d5a43d6f51bfd2d0bd0c9b5f3c00cf5a4b1636d8d3b9d92"
  name = "github.com/spf13/jwalterweatherman"
  packages = ["."]
  pruneopts = "NUT"
  revision = "94f6ae3ed3bceceafa716478c5fbf8d29ca601a1"
  version = "v1.1.0"

[[projects]]
  digest = "1:d115708a27806831d1babbc6f28a7478ddf8e32a7095507c816e2515fb03a810"
  name = "github.com/spf13/pflag"
  packages = ["."]
  pruneopts = "NUT"
  revision = "2e9d26c8c37aae03e3f9d4e90b7116f5accb7cab"
  version = "v1.0.5"

[[projects]]
  digest = "1:2f8a827e6131252b60222e5ff18ddd6e825bf73ed39fcfec152ef60a11750068"
  name = "github.com/spf13/viper"
  packages = ["."]
  pruneopts = "NUT"
  revision = "1967d93db724f4a5c0e101307e96d82ff520a067"

[[projects]]
  digest = "1:f139b10b830b064ab218c79a5c3f770c2e94c48c92e0d0085099a458490acfde"
  name = "github.com/stretchr/objx"
  packages = ["."]
  pruneopts = "NUT"
  revision = "ea4fe68685ee0d3cee7032121851b57e7494e8ea"
  version = "v0.2.0"

[[projects]]
  digest = "1:9fbf4839780ad22707466b383b27241ef4aa31fc5f6ff295826071ffbd30c482"
  name = "github.com/stretchr/testify"
  packages = [
    "assert",
    "mock",
    "require",
  ]
  pruneopts = "NUT"
  revision = "3ebf1ddaeb260c4b1ae502a01c7844fa8c1fa0e9"
  version = "v1.5.1"

[[projects]]
  branch = "master"
  digest = "1:b9a00fb37a0075071b6787ff0abc4caad3e23b8b0986ca8a0a9f5d1311de06ea"
  name = "github.com/sykesm/zap-logfmt"
  packages = ["."]
  pruneopts = "NUT"
  revision = "1666602def8efca40a622a0227708d81509ba2fd"

[[projects]]
  branch = "master"
  digest = "1:c345767003e0d53971e0f409a42b875dab3fee7ec269557c863ebbb194341420"
  name = "github.com/syndtr/goleveldb"
  packages = [
    "leveldb",
    "leveldb/cache",
    "leveldb/comparer",
    "leveldb/errors",
    "leveldb/filter",
    "leveldb/iterator",
    "leveldb/journal",
    "leveldb/memdb",
    "leveldb/opt",
    "leveldb/storage",
    "leveldb/table",
    "leveldb/util",
  ]
  pruneopts = "NUT"
  revision = "758128399b1df3a87e92df6c26c1d2063da8fabe"

[[projects]]
  branch = "master"
  digest = "1:61d09b888aa5c3c3ccf9a094e2320429e2ae9a1acca85d5b59a0700b2c4b677f"
  name = "github.com/tedsuo/ifrit"
  packages = [
    ".",
    "ginkgomon",
    "grouper",
  ]
  pruneopts = "NUT"
  revision = "9a97d0632f00efd5508c1a211032f07de3255d23"

[[projects]]
  digest = "1:0f4299df39f2e222cdd1b802126a7ae9cadcb4f11f65d657adb48a4e07c9bfb7"
  name = "github.com/willf/bitset"
  packages = ["."]
  pruneopts = "NUT"
  revision = "20ad246f50b49590afcb1ed8ad143da7163869cb"
  version = "v1.1.10"

[[projects]]
  digest = "1:7994f0511ea39eb049909df41301aabf5e6289b97c1084f7cc8c351d765469e1"
  name = "go.etcd.io/etcd"
  packages = [
    "etcdserver/api/snap",
    "etcdserver/api/snap/snappb",
    "pkg/crc",
    "pkg/fileutil",
    "pkg/ioutil",
    "pkg/pbutil",
    "raft",
    "raft/raftpb",
    "wal",
    "wal/walpb",
  ]
  pruneopts = "UT"
  revision = "23731bf9ba556867089a9cc8db5e492ca6035fe8"

[[projects]]
  digest = "1:387e3591a94a62e79188ed69f021f947dff5814d2d25515f0fd03798a2be0dad"
  name = "go.uber.org/atomic"
  packages = ["."]
  pruneopts = "NUT"
  revision = "845920076a298bdb984fb0f1b86052e4ca0a281c"
  version = "v1.6.0"

[[projects]]
  digest = "1:6c5dc8e692b52738b7f672b08660cf081460ac04487c0fe4ae4fe3acd1acc8fd"
  name = "go.uber.org/multierr"
  packages = ["."]
  pruneopts = "NUT"
  revision = "b587143a48b62b01d337824eab43700af6ffe222"
  version = "v1.5.0"

[[projects]]
  digest = "1:2bdb0227680ebe198bcced90dc494d43b6c1a4bd7d3e4b5c155d028d32bb5c05"
  name = "go.uber.org/zap"
  packages = [
    ".",
    "buffer",
    "internal/bufferpool",
    "internal/color",
    "internal/exit",
    "zapcore",
    "zapgrpc",
    "zaptest/observer",
  ]
  pruneopts = "NUT"
  revision = "c89bd3c833f56cad3bc6dfa104b9c6d144526145"
  version = "v1.14.0"

[[projects]]
  branch = "master"
  digest = "1:30f731270bcaa804b7284c7f3e14ccb38e5767d31c48f7707a4e43b7ab7c473d"
  name = "golang.org/x/crypto"
  packages = [
    "md4",
    "pbkdf2",
    "sha3",
  ]
  pruneopts = "NUT"
  revision = "78000ba7a073cafc0278790f6bce552a0f25850e"

[[projects]]
  digest = "1:a019befaac3480235e0db34bc38f5e90baefe615795eb1e5adc4633baa3f0841"
  name = "golang.org/x/lint"
  packages = [
    ".",
    "golint",
  ]
  pruneopts = "NUT"
  revision = "c67002cb31c3a748b7688c27f20d8358b4193582"

[[projects]]
  branch = "master"
  digest = "1:a7e8a8bf3357ef61e42343d3ca634a053b8be4e83dffd77f3c50ec856f2fa14d"
  name = "golang.org/x/net"
  packages = [
    "context",
    "html",
    "html/atom",
    "html/charset",
    "http/httpguts",
    "http2",
    "http2/hpack",
    "idna",
    "internal/socks",
    "internal/timeseries",
    "proxy",
    "trace",
  ]
  pruneopts = "NUT"
  revision = "244492dfa37ae2ce87222fd06250a03160745faa"

[[projects]]
  branch = "master"
  digest = "1:382bb5a7fb4034db3b6a2d19e5a4a6bcf52f4750530603c01ca18a172fa3089b"
  name = "golang.org/x/sync"
  packages = ["semaphore"]
  pruneopts = "NUT"
  revision = "cd5d95a43a6e21273425c7ae415d3df9ea832eeb"

[[projects]]
  branch = "master"
  digest = "1:25e0e4b581c92dd8f9f56dbc547f4f445c12b61f4ef8898709c43274b3a19aea"
  name = "golang.org/x/sys"
  packages = [
    "cpu",
    "unix",
    "windows",
  ]
  pruneopts = "NUT"
  revision = "5c8b2ff67527cb88b770f693cebf3799036d8bc0"

[[projects]]
  digest = "1:28deae5fe892797ff37a317b5bcda96d11d1c90dadd89f1337651df3bc4c586e"
  name = "golang.org/x/text"
  packages = [
    "collate",
    "collate/build",
    "encoding",
    "encoding/charmap",
    "encoding/htmlindex",
    "encoding/internal",
    "encoding/internal/identifier",
    "encoding/japanese",
    "encoding/korean",
    "encoding/simplifiedchinese",
    "encoding/traditionalchinese",
    "encoding/unicode",
    "internal/colltab",
    "internal/gen",
    "internal/language",
    "internal/language/compact",
    "internal/tag",
    "internal/triegen",
    "internal/ucd",
    "internal/utf8internal",
    "language",
    "runes",
    "secure/bidirule",
    "transform",
    "unicode/bidi",
    "unicode/cldr",
    "unicode/norm",
    "unicode/rangetable",
  ]
  pruneopts = "NUT"
  revision = "342b2e1fbaa52c93f31447ad2c6abc048c63e475"
  version = "v0.3.2"

[[projects]]
  digest = "1:0a25e2d158566f94027c0eeb72e1d34b0cfba5b8b51dc7c5b1bb04c2d437898b"
  name = "golang.org/x/tools"
  packages = [
    "cmd/goimports",
    "go/ast/astutil",
    "go/gcexportdata",
    "go/internal/cgo",
    "go/internal/gcimporter",
    "go/packages",
    "go/types/typeutil",
    "imports",
    "internal/fastwalk",
    "internal/gopathwalk",
    "internal/semver",
  ]
  pruneopts = "NUT"
  revision = "f60e5f99f0816fc2d9ecb338008ea420248d2943"

[[projects]]
  branch = "master"
  digest = "1:325a1b73817aa79fc85f10376ed41ea607f7dd7f6c6bfa46df6a28ef2857941f"
  name = "golang.org/x/xerrors"
  packages = [
    ".",
    "internal",
  ]
  pruneopts = "NUT"
  revision = "9bdfabe68543c54f90421aeb9a60ef8061b5b544"

[[projects]]
  branch = "master"
  digest = "1:1c2a9b5021f7fe23a6f880468633f407f8b600a67e29b10f1892ae4425085820"
  name = "google.golang.org/genproto"
  packages = ["googleapis/rpc/status"]
  pruneopts = "NUT"
  revision = "d950eab6f860f209ea1641dee947bb9f7009e120"

[[projects]]
  digest = "1:5b805b8e03b29399b344655cac16873f026e54dc0a7c17b381f6f4d4c7b6d741"
  name = "google.golang.org/grpc"
  packages = [
    ".",
    "balancer",
    "balancer/base",
    "balancer/roundrobin",
    "codes",
    "connectivity",
    "credentials",
    "encoding",
    "encoding/proto",
    "grpclog",
    "internal",
    "internal/backoff",
    "internal/channelz",
    "internal/envconfig",
    "internal/grpcrand",
    "internal/transport",
    "keepalive",
    "metadata",
    "naming",
    "peer",
    "resolver",
    "resolver/dns",
    "resolver/passthrough",
    "stats",
    "status",
    "tap",
  ]
  pruneopts = "NUT"
  revision = "8dea3dc473e90c8179e519d91302d0597c0ca1d1"
  version = "v1.15.0"

[[projects]]
  digest = "1:22b2dee6f30bc8601f087449a2a819df8388e54e9547349c658f14d8f8c590f2"
  name = "gopkg.in/alecthomas/kingpin.v2"
  packages = ["."]
  pruneopts = "NUT"
  revision = "947dcec5ba9c011838740e680966fd7087a71d0d"
  version = "v2.2.6"

[[projects]]
  digest = "1:21562b59c496f4cbd7a40beaa257ac6761002dd3e36259f532216082abace8b1"
  name = "gopkg.in/cheggaaa/pb.v1"
  packages = ["."]
  pruneopts = "NUT"
  revision = "f907f6f5dd81f77c2bbc1cde92e4c5a04720cb11"
  version = "v1.0.28"

[[projects]]
  digest = "1:fea88a1a5c4cf1101d2e0f9d985ad996a1e1dfd4f3df948e12fcf7cf2baf23dc"
  name = "gopkg.in/jcmturner/aescts.v1"
  packages = ["."]
  pruneopts = "NUT"
  revision = "f6abebb3171c4c1b1fea279cb7c7325020a26290"
  version = "v1.0.1"

[[projects]]
  digest = "1:807e17e89614e6af666dc08855a88e5f1e3c54afb73c10d4b9d28f3b8f48c63c"
  name = "gopkg.in/jcmturner/dnsutils.v1"
  packages = ["."]
  pruneopts = "NUT"
  revision = "13eeb8d49ffb74d7a75784c35e4d900607a3943c"
  version = "v1.0.1"

[[projects]]
  digest = "1:38cde92cb8f0ea6183e7b8ac6e59bab1074dc0e8e2c22f12d2821280065bb6b7"
  name = "gopkg.in/jcmturner/gokrb5.v7"
  packages = [
    "asn1tools",
    "client",
    "config",
    "credentials",
    "crypto",
    "crypto/common",
    "crypto/etype",
    "crypto/rfc3961",
    "crypto/rfc3962",
    "crypto/rfc4757",
    "crypto/rfc8009",
    "gssapi",
    "iana",
    "iana/addrtype",
    "iana/adtype",
    "iana/asnAppTag",
    "iana/chksumtype",
    "iana/errorcode",
    "iana/etypeID",
    "iana/flags",
    "iana/keyusage",
    "iana/msgtype",
    "iana/nametype",
    "iana/patype",
    "kadmin",
    "keytab",
    "krberror",
    "messages",
    "pac",
    "types",
  ]
  pruneopts = "NUT"
  revision = "0b0d9d762bbc834e1e14f3f39dcea984364e9d63"
  version = "v7.5.0"

[[projects]]
  digest = "1:0f16d9c577198e3b8d3209f5a89aabe679525b2aba2a7548714e973035c0e232"
  name = "gopkg.in/jcmturner/rpc.v1"
  packages = [
    "mstypes",
    "ndr",
  ]
  pruneopts = "NUT"
  revision = "99a8ce2fbf8b8087b6ed12a37c61b10f04070043"
  version = "v1.1.0"

[[projects]]
  digest = "1:d9b9ac6943a512737f76bf3d61b08d97121c66686bc02ffc231313563230b468"
  name = "gopkg.in/yaml.v2"
  packages = ["."]
  pruneopts = "NUT"
  revision = "53403b58ad1b561927d19068c655246f2db79d48"
  version = "v2.2.8"

[solve-meta]
  analyzer-name = "dep"
  analyzer-version = 1
  input-imports = [
    "code.cloudfoundry.org/clock",
    "code.cloudfoundry.org/clock/fakeclock",
    "github.com/Knetic/govaluate",
    "github.com/Shopify/sarama",
    "github.com/Shopify/sarama/mocks",
    "github.com/davecgh/go-spew/spew",
    "github.com/fsouza/go-dockerclient",
    "github.com/go-kit/kit/metrics",
    "github.com/go-kit/kit/metrics/prometheus",
    "github.com/go-kit/kit/metrics/statsd",
    "github.com/gogo/protobuf/proto",
    "github.com/golang/protobuf/jsonpb",
    "github.com/golang/protobuf/proto",
    "github.com/golang/protobuf/protoc-gen-go",
    "github.com/golang/protobuf/ptypes",
    "github.com/golang/protobuf/ptypes/empty",
    "github.com/golang/protobuf/ptypes/timestamp",
    "github.com/gorilla/handlers",
    "github.com/gorilla/mux",
    "github.com/grpc-ecosystem/go-grpc-middleware",
    "github.com/hashicorp/go-version",
    "github.com/hyperledger/fabric-amcl/amcl",
    "github.com/hyperledger/fabric-amcl/amcl/FP256BN",
    "github.com/hyperledger/fabric-lib-go/healthz",
    "github.com/klauspost/reedsolomon",
    "github.com/kr/pretty",
    "github.com/miekg/pkcs11",
    "github.com/mitchellh/mapstructure",
    "github.com/onsi/ginkgo",
    "github.com/onsi/ginkgo/extensions/table",
    "github.com/onsi/gomega",
    "github.com/onsi/gomega/gbytes",
    "github.com/onsi/gomega/gexec",
    "github.com/onsi/gomega/ghttp",
    "github.com/onsi/gomega/types",
    "github.com/op/go-logging",
    "github.com/pkg/errors",
    "github.com/prometheus/client_golang/prometheus",
    "github.com/prometheus/client_golang/prometheus/promhttp",
    "github.com/rcrowley/go-metrics",
    "github.com/spf13/cobra",
    "github.com/spf13/pflag",
    "github.com/spf13/viper",
    "github.com/stretchr/testify/assert",
    "github.com/stretchr/testify/mock",
    "github.com/stretchr/testify/require",
    "github.com/sykesm/zap-logfmt",
    "github.com/syndtr/goleveldb/leveldb",
    "github.com/syndtr/goleveldb/leveldb/errors",
    "github.com/syndtr/goleveldb/leveldb/iterator",
    "github.com/syndtr/goleveldb/leveldb/opt",
    "github.com/syndtr/goleveldb/leveldb/util",
    "github.com/tedsuo/ifrit",
    "github.com/tedsuo/ifrit/ginkgomon",
    "github.com/tedsuo/ifrit/grouper",
    "github.com/willf/bitset",
    "go.etcd.io/etcd/etcdserver/api/snap",
    "go.etcd.io/etcd/pkg/fileutil",
    "go.etcd.io/etcd/raft",
    "go.etcd.io/etcd/raft/raftpb",
    "go.etcd.io/etcd/wal",
    "go.etcd.io/etcd/wal/walpb",
    "go.uber.org/zap",
    "go.uber.org/zap/buffer",
    "go.uber.org/zap/zapcore",
    "go.uber.org/zap/zapgrpc",
    "go.uber.org/zap/zaptest/observer",
    "golang.org/x/crypto/sha3",
    "golang.org/x/lint/golint",
    "golang.org/x/net/context",
    "golang.org/x/sync/semaphore",
    "golang.org/x/tools/cmd/goimports",
    "golang.org/x/tools/go/packages",
    "google.golang.org/grpc",
    "google.golang.org/grpc/balancer",
    "google.golang.org/grpc/balancer/roundrobin",
    "google.golang.org/grpc/codes",
    "google.golang.org/grpc/connectivity",
    "google.golang.org/grpc/credentials",
    "google.golang.org/grpc/grpclog",
    "google.golang.org/grpc/keepalive",
    "google.golang.org/grpc/metadata",
    "google.golang.org/grpc/peer",
    "google.golang.org/grpc/stats",
    "google.golang.org/grpc/status",
    "gopkg.in/alecthomas/kingpin.v2",
    "gopkg.in/cheggaaa/pb.v1",
    "gopkg.in/yaml.v2",
  ]
  solver-name = "gps-cdcl"
  solver-version = 1
